
Microsoft Visual Studio Solution File, Format Version 12.00
# Visual Studio Version 16
VisualStudioVersion = 16.0.810.17
MinimumVisualStudioVersion = 10.0.40219.1
Project("{FAE04EC0-301F-11D3-BF4B-00C04F79EFBC}") = "ShoppingListLab", "ShoppingListLab\ShoppingListLab.csproj", "{F9E87DDB-D8B5-4651-A0AC-D7CAAB7BB296}"
EndProject
Global
	GlobalSection(SolutionConfigurationPlatforms) = preSolution
		Debug|anycpu = Debug|anycpu
		Release|anycpu = Release|anycpu
	EndGlobalSection
	GlobalSection(ProjectConfigurationPlatforms) = postSolution
		{F9E87DDB-D8B5-4651-A0AC-D7CAAB7BB296}.Debug|anycpu.ActiveCfg = Debug|anycpu
		{F9E87DDB-D8B5-4651-A0AC-D7CAAB7BB296}.Debug|anycpu.Build.0 = Debug|anycpu
		{F9E87DDB-D8B5-4651-A0AC-D7CAAB7BB296}.Release|anycpu.ActiveCfg = Release|anycpu
		{F9E87DDB-D8B5-4651-A0AC-D7CAAB7BB296}.Release|anycpu.Build.0 = Release|anycpu
	EndGlobalSection
	GlobalSection(SolutionProperties) = preSolution
		HideSolutionNode = FALSE
	EndGlobalSection
	GlobalSection(ExtensibilityGlobals) = postSolution
		SolutionGuid = {3A0DF452-1081-4DF8-9570-FEF9B029E2A3}
	EndGlobalSection
EndGlobal
